PODS:
  - Flutter (1.0.0)
  - home_widget (0.0.1):
    - Flutter
  - sign_in_with_apple (0.0.1):
    - Flutter

DEPENDENCIES:
  - Flutter (from `Flutter`)
  - home_widget (from `.symlinks/plugins/home_widget/ios`)
  - sign_in_with_apple (from `.symlinks/plugins/sign_in_with_apple/ios`)

EXTERNAL SOURCES:
  Flutter:
    :path: Flutter
  home_widget:
    :path: ".symlinks/plugins/home_widget/ios"
  sign_in_with_apple:
    :path: ".symlinks/plugins/sign_in_with_apple/ios"

SPEC CHECKSUMS:
  Flutter: cabc95a1d2626b1b06e7179b784ebcf0c0cde467
  home_widget: 0434835a4c9a75704264feff6be17ea40e0f0d57
  sign_in_with_apple: f3bf75217ea4c2c8b91823f225d70230119b8440

PODFILE CHECKSUM: 8c45913603e73a7141adcdfb676d29fcb0a064aa

COCOAPODS: 1.16.2
